
Microsoft Visual Studio Solution File, Format Version 12.00
# Visual Studio Version 17
VisualStudioVersion = 17.0.32014.148
MinimumVisualStudioVersion = 10.0.40219.1
Project("{FAE04EC0-301F-11D3-BF4B-00C04F79EFBC}") = "LINQExercise2", "LINQExercise2\LINQExercise2.csproj", "{5BB24730-163D-40C4-AD0E-E7AB83ACAF5D}"
EndProject
Global
	GlobalSection(SolutionConfigurationPlatforms) = preSolution
		Debug|Any CPU = Debug|Any CPU
		Release|Any CPU = Release|Any CPU
	EndGlobalSection
	GlobalSection(ProjectConfigurationPlatforms) = postSolution
		{5BB24730-163D-40C4-AD0E-E7AB83ACAF5D}.Debug|Any CPU.ActiveCfg = Debug|Any CPU
		{5BB24730-163D-40C4-AD0E-E7AB83ACAF5D}.Debug|Any CPU.Build.0 = Debug|Any CPU
		{5BB24730-163D-40C4-AD0E-E7AB83ACAF5D}.Release|Any CPU.ActiveCfg = Release|Any CPU
		{5BB24730-163D-40C4-AD0E-E7AB83ACAF5D}.Release|Any CPU.Build.0 = Release|Any CPU
	EndGlobalSection
	GlobalSection(SolutionProperties) = preSolution
		HideSolutionNode = FALSE
	EndGlobalSection
	GlobalSection(ExtensibilityGlobals) = postSolution
		SolutionGuid = {1D8A15E2-120A-4BD6-A2FD-851C97D2DCF0}
	EndGlobalSection
EndGlobal
